
Microsoft Visual Studio Solution File, Format Version 12.00
# Visual Studio Version 16
VisualStudioVersion = 16.0.29009.5
MinimumVisualStudioVersion = 10.0.40219.1
Project("{8BC9CEB8-8B4A-11D0-8D11-00A0C91BC942}") = "ITSA英里轉公里", "ITSA英里轉公里.vcxproj", "{ADEB67C6-37A5-4687-95B6-4744620F5E0C}"
EndProject
Global
	GlobalSection(SolutionConfigurationPlatforms) = preSolution
		Debug|x64 = Debug|x64
		Debug|x86 = Debug|x86
		Release|x64 = Release|x64
		Release|x86 = Release|x86
	EndGlobalSection
	GlobalSection(ProjectConfigurationPlatforms) = postSolution
		{ADEB67C6-37A5-4687-95B6-4744620F5E0C}.Debug|x64.ActiveCfg = Debug|x64
		{ADEB67C6-37A5-4687-95B6-4744620F5E0C}.Debug|x64.Build.0 = Debug|x64
		{ADEB67C6-37A5-4687-95B6-4744620F5E0C}.Debug|x86.ActiveCfg = Debug|Win32
		{ADEB67C6-37A5-4687-95B6-4744620F5E0C}.Debug|x86.Build.0 = Debug|Win32
		{ADEB67C6-37A5-4687-95B6-4744620F5E0C}.Release|x64.ActiveCfg = Release|x64
		{ADEB67C6-37A5-4687-95B6-4744620F5E0C}.Release|x64.Build.0 = Release|x64
		{ADEB67C6-37A5-4687-95B6-4744620F5E0C}.Release|x86.ActiveCfg = Release|Win32
		{ADEB67C6-37A5-4687-95B6-4744620F5E0C}.Release|x86.Build.0 = Release|Win32
	EndGlobalSection
	GlobalSection(SolutionProperties) = preSolution
		HideSolutionNode = FALSE
	EndGlobalSection
	GlobalSection(ExtensibilityGlobals) = postSolution
		SolutionGuid = {9A66758B-4D0F-4C69-9523-3063BA12A1C1}
	EndGlobalSection
EndGlobal
