
Microsoft Visual Studio Solution File, Format Version 12.00
# Visual Studio Version 16
VisualStudioVersion = 16.0.29009.5
MinimumVisualStudioVersion = 10.0.40219.1
Project("{8BC9CEB8-8B4A-11D0-8D11-00A0C91BC942}") = "ITSA 計算正整數被3整除之數值之總和", "ITSA 計算正整數被3整除之數值之總和.vcxproj", "{F2C57334-B258-4CF6-B8AB-1BD54ED56188}"
EndProject
Global
	GlobalSection(SolutionConfigurationPlatforms) = preSolution
		Debug|x64 = Debug|x64
		Debug|x86 = Debug|x86
		Release|x64 = Release|x64
		Release|x86 = Release|x86
	EndGlobalSection
	GlobalSection(ProjectConfigurationPlatforms) = postSolution
		{F2C57334-B258-4CF6-B8AB-1BD54ED56188}.Debug|x64.ActiveCfg = Debug|x64
		{F2C57334-B258-4CF6-B8AB-1BD54ED56188}.Debug|x64.Build.0 = Debug|x64
		{F2C57334-B258-4CF6-B8AB-1BD54ED56188}.Debug|x86.ActiveCfg = Debug|Win32
		{F2C57334-B258-4CF6-B8AB-1BD54ED56188}.Debug|x86.Build.0 = Debug|Win32
		{F2C57334-B258-4CF6-B8AB-1BD54ED56188}.Release|x64.ActiveCfg = Release|x64
		{F2C57334-B258-4CF6-B8AB-1BD54ED56188}.Release|x64.Build.0 = Release|x64
		{F2C57334-B258-4CF6-B8AB-1BD54ED56188}.Release|x86.ActiveCfg = Release|Win32
		{F2C57334-B258-4CF6-B8AB-1BD54ED56188}.Release|x86.Build.0 = Release|Win32
	EndGlobalSection
	GlobalSection(SolutionProperties) = preSolution
		HideSolutionNode = FALSE
	EndGlobalSection
	GlobalSection(ExtensibilityGlobals) = postSolution
		SolutionGuid = {42DD3D46-7DFA-472E-B8D2-AB31B06C892A}
	EndGlobalSection
EndGlobal
